
Microsoft Visual Studio Solution File, Format Version 12.00
# Visual Studio 2013
VisualStudioVersion = 12.0.40629.0
MinimumVisualStudioVersion = 10.0.40219.1
Project("{FAE04EC0-301F-11D3-BF4B-00C04F79EFBC}") = "CountConsecutiveDigits", "CountConsecutiveDigits\CountConsecutiveDigits.csproj", "{B24CA010-9B2F-4BBD-BE71-C7F67869EE2F}"
EndProject
Project("{FAE04EC0-301F-11D3-BF4B-00C04F79EFBC}") = "ReverseWordsInSentence", "ReverseWordsInSentence\ReverseWordsInSentence.csproj", "{CD9880E6-BF3A-4A63-A381-11E3EDD3CBAE}"
EndProject
Project("{FAE04EC0-301F-11D3-BF4B-00C04F79EFBC}") = "Calculator", "Calculator\Calculator.csproj", "{99EF6E7E-C426-4C74-B759-92F22D3CDADA}"
EndProject
Project("{FAE04EC0-301F-11D3-BF4B-00C04F79EFBC}") = "ConvertStringToInteger", "ConvertStringToInteger\ConvertStringToInteger.csproj", "{AE2F3BB4-FB37-44F8-BA66-123FB4114DE8}"
EndProject
Project("{FAE04EC0-301F-11D3-BF4B-00C04F79EFBC}") = "Plus-Remove", "Plus-Remove\Plus-Remove.csproj", "{DEF99814-73F7-4BBE-BB22-D228B4C9C747}"
EndProject
Project("{FAE04EC0-301F-11D3-BF4B-00C04F79EFBC}") = "StringMatrixRotation", "StringMatrixRotation\StringMatrixRotation.csproj", "{5A3DD87B-0DA5-4717-8D40-EC91BF941B8D}"
EndProject
Project("{FAE04EC0-301F-11D3-BF4B-00C04F79EFBC}") = "ExtractHyperlinks", "ExtractHyperlinks\ExtractHyperlinks.csproj", "{FEEAB67E-F501-4B72-A7A5-FECA62FA900B}"
EndProject
Global
	GlobalSection(SolutionConfigurationPlatforms) = preSolution
		Debug|Any CPU = Debug|Any CPU
		Release|Any CPU = Release|Any CPU
	EndGlobalSection
	GlobalSection(ProjectConfigurationPlatforms) = postSolution
		{B24CA010-9B2F-4BBD-BE71-C7F67869EE2F}.Debug|Any CPU.ActiveCfg = Debug|Any CPU
		{B24CA010-9B2F-4BBD-BE71-C7F67869EE2F}.Debug|Any CPU.Build.0 = Debug|Any CPU
		{B24CA010-9B2F-4BBD-BE71-C7F67869EE2F}.Release|Any CPU.ActiveCfg = Release|Any CPU
		{B24CA010-9B2F-4BBD-BE71-C7F67869EE2F}.Release|Any CPU.Build.0 = Release|Any CPU
		{CD9880E6-BF3A-4A63-A381-11E3EDD3CBAE}.Debug|Any CPU.ActiveCfg = Debug|Any CPU
		{CD9880E6-BF3A-4A63-A381-11E3EDD3CBAE}.Debug|Any CPU.Build.0 = Debug|Any CPU
		{CD9880E6-BF3A-4A63-A381-11E3EDD3CBAE}.Release|Any CPU.ActiveCfg = Release|Any CPU
		{CD9880E6-BF3A-4A63-A381-11E3EDD3CBAE}.Release|Any CPU.Build.0 = Release|Any CPU
		{99EF6E7E-C426-4C74-B759-92F22D3CDADA}.Debug|Any CPU.ActiveCfg = Debug|Any CPU
		{99EF6E7E-C426-4C74-B759-92F22D3CDADA}.Debug|Any CPU.Build.0 = Debug|Any CPU
		{99EF6E7E-C426-4C74-B759-92F22D3CDADA}.Release|Any CPU.ActiveCfg = Release|Any CPU
		{99EF6E7E-C426-4C74-B759-92F22D3CDADA}.Release|Any CPU.Build.0 = Release|Any CPU
		{AE2F3BB4-FB37-44F8-BA66-123FB4114DE8}.Debug|Any CPU.ActiveCfg = Debug|Any CPU
		{AE2F3BB4-FB37-44F8-BA66-123FB4114DE8}.Debug|Any CPU.Build.0 = Debug|Any CPU
		{AE2F3BB4-FB37-44F8-BA66-123FB4114DE8}.Release|Any CPU.ActiveCfg = Release|Any CPU
		{AE2F3BB4-FB37-44F8-BA66-123FB4114DE8}.Release|Any CPU.Build.0 = Release|Any CPU
		{DEF99814-73F7-4BBE-BB22-D228B4C9C747}.Debug|Any CPU.ActiveCfg = Debug|Any CPU
		{DEF99814-73F7-4BBE-BB22-D228B4C9C747}.Debug|Any CPU.Build.0 = Debug|Any CPU
		{DEF99814-73F7-4BBE-BB22-D228B4C9C747}.Release|Any CPU.ActiveCfg = Release|Any CPU
		{DEF99814-73F7-4BBE-BB22-D228B4C9C747}.Release|Any CPU.Build.0 = Release|Any CPU
		{5A3DD87B-0DA5-4717-8D40-EC91BF941B8D}.Debug|Any CPU.ActiveCfg = Debug|Any CPU
		{5A3DD87B-0DA5-4717-8D40-EC91BF941B8D}.Debug|Any CPU.Build.0 = Debug|Any CPU
		{5A3DD87B-0DA5-4717-8D40-EC91BF941B8D}.Release|Any CPU.ActiveCfg = Release|Any CPU
		{5A3DD87B-0DA5-4717-8D40-EC91BF941B8D}.Release|Any CPU.Build.0 = Release|Any CPU
		{FEEAB67E-F501-4B72-A7A5-FECA62FA900B}.Debug|Any CPU.ActiveCfg = Debug|Any CPU
		{FEEAB67E-F501-4B72-A7A5-FECA62FA900B}.Debug|Any CPU.Build.0 = Debug|Any CPU
		{FEEAB67E-F501-4B72-A7A5-FECA62FA900B}.Release|Any CPU.ActiveCfg = Release|Any CPU
		{FEEAB67E-F501-4B72-A7A5-FECA62FA900B}.Release|Any CPU.Build.0 = Release|Any CPU
	EndGlobalSection
	GlobalSection(SolutionProperties) = preSolution
		HideSolutionNode = FALSE
	EndGlobalSection
EndGlobal
